
Microsoft Visual Studio Solution File, Format Version 12.00
# Visual Studio Version 17
VisualStudioVersion = 17.14.36429.23 d17.14
MinimumVisualStudioVersion = 10.0.40219.1
Project("{FAE04EC0-301F-11D3-BF4B-00C04F79EFBC}") = "Sharepoint Video Downloader", "Sharepoint Video Downloader.csproj", "{40D81D53-38CC-4B98-8DF9-D58DE2E83DD1}"
EndProject
Global
	GlobalSection(SolutionConfigurationPlatforms) = preSolution
		Debug|Any CPU = Debug|Any CPU
		Release|Any CPU = Release|Any CPU
	EndGlobalSection
	GlobalSection(ProjectConfigurationPlatforms) = postSolution
		{40D81D53-38CC-4B98-8DF9-D58DE2E83DD1}.Debug|Any CPU.ActiveCfg = Debug|Any CPU
		{40D81D53-38CC-4B98-8DF9-D58DE2E83DD1}.Debug|Any CPU.Build.0 = Debug|Any CPU
		{40D81D53-38CC-4B98-8DF9-D58DE2E83DD1}.Release|Any CPU.ActiveCfg = Release|Any CPU
		{40D81D53-38CC-4B98-8DF9-D58DE2E83DD1}.Release|Any CPU.Build.0 = Release|Any CPU
	EndGlobalSection
	GlobalSection(SolutionProperties) = preSolution
		HideSolutionNode = FALSE
	EndGlobalSection
	GlobalSection(ExtensibilityGlobals) = postSolution
		SolutionGuid = {CA676AFB-0921-439D-B890-3EE557579D44}
	EndGlobalSection
EndGlobal
